
Microsoft Visual Studio Solution File, Format Version 12.00
# Visual Studio Version 16
VisualStudioVersion = 16.0.30406.217
MinimumVisualStudioVersion = 10.0.40219.1
Project("{FAE04EC0-301F-11D3-BF4B-00C04F79EFBC}") = "MyRegistration", "MyRegistration\MyRegistration.csproj", "{20B1E064-11C5-44FE-BE1F-2D525D1D9305}"
EndProject
Global
	GlobalSection(SolutionConfigurationPlatforms) = preSolution
		Debug|Any CPU = Debug|Any CPU
		Release|Any CPU = Release|Any CPU
	EndGlobalSection
	GlobalSection(ProjectConfigurationPlatforms) = postSolution
		{20B1E064-11C5-44FE-BE1F-2D525D1D9305}.Debug|Any CPU.ActiveCfg = Debug|Any CPU
		{20B1E064-11C5-44FE-BE1F-2D525D1D9305}.Debug|Any CPU.Build.0 = Debug|Any CPU
		{20B1E064-11C5-44FE-BE1F-2D525D1D9305}.Release|Any CPU.ActiveCfg = Release|Any CPU
		{20B1E064-11C5-44FE-BE1F-2D525D1D9305}.Release|Any CPU.Build.0 = Release|Any CPU
	EndGlobalSection
	GlobalSection(SolutionProperties) = preSolution
		HideSolutionNode = FALSE
	EndGlobalSection
	GlobalSection(ExtensibilityGlobals) = postSolution
		SolutionGuid = {2F5A8789-F48D-4D3D-B6DC-96D95DA5D05D}
	EndGlobalSection
EndGlobal
